
Microsoft Visual Studio Solution File, Format Version 12.00
# Visual Studio Version 17
VisualStudioVersion = 17.5.33627.172
MinimumVisualStudioVersion = 10.0.40219.1
Project("{FAE04EC0-301F-11D3-BF4B-00C04F79EFBC}") = "ScanEventService", "ScanEventService\ScanEventService.csproj", "{087EB6C2-40DD-460D-889E-C80F646D56B7}"
EndProject
Project("{FAE04EC0-301F-11D3-BF4B-00C04F79EFBC}") = "ScanEventLibrary", "ScanEventLibrary\ScanEventLibrary.csproj", "{161AC9B3-CB57-4DC5-AF57-9697456862EE}"
EndProject
Project("{FAE04EC0-301F-11D3-BF4B-00C04F79EFBC}") = "ScanEventLibraryTests", "ScanEventLibraryTests\ScanEventLibraryTests.csproj", "{9DAC1858-C1F3-40F0-B18B-5B86BA8FE906}"
EndProject
Global
	GlobalSection(SolutionConfigurationPlatforms) = preSolution
		Debug|Any CPU = Debug|Any CPU
		Release|Any CPU = Release|Any CPU
	EndGlobalSection
	GlobalSection(ProjectConfigurationPlatforms) = postSolution
		{087EB6C2-40DD-460D-889E-C80F646D56B7}.Debug|Any CPU.ActiveCfg = Debug|Any CPU
		{087EB6C2-40DD-460D-889E-C80F646D56B7}.Debug|Any CPU.Build.0 = Debug|Any CPU
		{087EB6C2-40DD-460D-889E-C80F646D56B7}.Release|Any CPU.ActiveCfg = Release|Any CPU
		{087EB6C2-40DD-460D-889E-C80F646D56B7}.Release|Any CPU.Build.0 = Release|Any CPU
		{161AC9B3-CB57-4DC5-AF57-9697456862EE}.Debug|Any CPU.ActiveCfg = Debug|Any CPU
		{161AC9B3-CB57-4DC5-AF57-9697456862EE}.Debug|Any CPU.Build.0 = Debug|Any CPU
		{161AC9B3-CB57-4DC5-AF57-9697456862EE}.Release|Any CPU.ActiveCfg = Release|Any CPU
		{161AC9B3-CB57-4DC5-AF57-9697456862EE}.Release|Any CPU.Build.0 = Release|Any CPU
		{9DAC1858-C1F3-40F0-B18B-5B86BA8FE906}.Debug|Any CPU.ActiveCfg = Debug|Any CPU
		{9DAC1858-C1F3-40F0-B18B-5B86BA8FE906}.Debug|Any CPU.Build.0 = Debug|Any CPU
		{9DAC1858-C1F3-40F0-B18B-5B86BA8FE906}.Release|Any CPU.ActiveCfg = Release|Any CPU
		{9DAC1858-C1F3-40F0-B18B-5B86BA8FE906}.Release|Any CPU.Build.0 = Release|Any CPU
	EndGlobalSection
	GlobalSection(SolutionProperties) = preSolution
		HideSolutionNode = FALSE
	EndGlobalSection
	GlobalSection(ExtensibilityGlobals) = postSolution
		SolutionGuid = {A8D8954C-41AB-4F21-87A4-091F3E0CDAB5}
	EndGlobalSection
EndGlobal
